{
  "lockfileVersion": 2,
  "configVersion": 1,
  "workspaces": {
    "": {
      "name": "@vrcx-k/host",
      "dependencies": {
        "@cordisjs/plugin-loader": "1.0.0-rc.6",
        "cordis": "4.0.0-rc.9",
      },
    },
  },
  "packages": {
    "@cordisjs/plugin-loader": ["@cordisjs/plugin-loader@1.0.0-rc.6", "", { "dependencies": { "cosmokit": "^1.8.1" }, "peerDependencies": { "cordis": "^4.0.0-rc.9", "node-addon-require-builtin": "^0.1.0" }, "optionalPeers": ["node-addon-require-builtin"] }, "sha512-WVdhzzoHr7YsotBZobhYsohSkviE/y2gHsC18gNGjv0amdwSCjGEdEsQrUcyjKc0CusAdsxjp2U3sprjb5xFDw=="],

    "@standard-schema/spec": ["@standard-schema/spec@1.1.0", "", {}, "sha512-l2aFy5jALhniG5HgqrD6jXLi/rUWrKvqN/qJx6yoJsgKhblVd+iqqU4RCXavm/jPityDo5TCvKMnpjKnOriy0w=="],

    "cordis": ["cordis@4.0.0-rc.9", "", { "dependencies": { "@standard-schema/spec": "^1.1.0", "cosmokit": "^1.8.1" }, "peerDependencies": { "@cordisjs/plugin-include": "^1.0.5", "@cordisjs/plugin-loader": "^1.0.0-rc.6" }, "optionalPeers": ["@cordisjs/plugin-include", "@cordisjs/plugin-loader"], "bin": "bin.js" }, "sha512-Y18SoewBvJ0eTZK7lHSQ5xl5YT1OWwoqFI92UrtpSAZyjUcW7cIEAOgOBVFp7PtO605vx6gBWdiOVaxY6UmSGw=="],

    "cosmokit": ["cosmokit@1.8.1", "", {}, "sha512-PDBv4l90xZKrUsZ0vtoycgZpO/j4iFsqJXrAxsyBDsnQRI7ZMJXIjgDJsKNjd5L8jnVnnlrDCdhkFbTncgCVjQ=="],
  }
}
